
Microsoft Visual Studio Solution File, Format Version 12.00
# Visual Studio Version 16
VisualStudioVersion = 16.0.30523.141
MinimumVisualStudioVersion = 10.0.40219.1
Project("{F2A71F9B-5D33-465A-A702-920D77279786}") = "CytanbVciCommentSourcePlugin", "CytanbVciCommentSourcePlugin\CytanbVciCommentSourcePlugin.fsproj", "{F217E7CD-96F5-471B-A9B7-8BE1D2E381BD}"
EndProject
Project("{F2A71F9B-5D33-465A-A702-920D77279786}") = "CytanbVciCommentSourcePlugin.Test", "CytanbVciCommentSourcePlugin.Test\CytanbVciCommentSourcePlugin.Test.fsproj", "{B2938F17-0DF5-4E36-8410-F1EEFC7F3DAF}"
EndProject
Project("{2150E333-8FDC-42A3-9474-1A3956D46DE8}") = "Solution Items", "Solution Items", "{F441CEDE-40D7-4B61-85A4-2EB8AA71C325}"
	ProjectSection(SolutionItems) = preProject
		.editorconfig = .editorconfig
	EndProjectSection
EndProject
Global
	GlobalSection(SolutionConfigurationPlatforms) = preSolution
		Debug|Any CPU = Debug|Any CPU
		Release|Any CPU = Release|Any CPU
	EndGlobalSection
	GlobalSection(ProjectConfigurationPlatforms) = postSolution
		{F217E7CD-96F5-471B-A9B7-8BE1D2E381BD}.Debug|Any CPU.ActiveCfg = Debug|Any CPU
		{F217E7CD-96F5-471B-A9B7-8BE1D2E381BD}.Debug|Any CPU.Build.0 = Debug|Any CPU
		{F217E7CD-96F5-471B-A9B7-8BE1D2E381BD}.Release|Any CPU.ActiveCfg = Release|Any CPU
		{F217E7CD-96F5-471B-A9B7-8BE1D2E381BD}.Release|Any CPU.Build.0 = Release|Any CPU
		{B2938F17-0DF5-4E36-8410-F1EEFC7F3DAF}.Debug|Any CPU.ActiveCfg = Debug|Any CPU
		{B2938F17-0DF5-4E36-8410-F1EEFC7F3DAF}.Debug|Any CPU.Build.0 = Debug|Any CPU
		{B2938F17-0DF5-4E36-8410-F1EEFC7F3DAF}.Release|Any CPU.ActiveCfg = Release|Any CPU
		{B2938F17-0DF5-4E36-8410-F1EEFC7F3DAF}.Release|Any CPU.Build.0 = Release|Any CPU
	EndGlobalSection
	GlobalSection(SolutionProperties) = preSolution
		HideSolutionNode = FALSE
	EndGlobalSection
	GlobalSection(ExtensibilityGlobals) = postSolution
		SolutionGuid = {ED6BFCD4-B4F3-4D47-8624-ACA16B911585}
	EndGlobalSection
EndGlobal
